
Microsoft Visual Studio Solution File, Format Version 12.00
# Visual Studio 2012
Project("{FAE04EC0-301F-11D3-BF4B-00C04F79EFBC}") = "GlucoseX", "GlucoseX\GlucoseX.csproj", "{E6AA1650-EEE3-41A0-9513-6CE9421B499D}"
EndProject
Project("{FAE04EC0-301F-11D3-BF4B-00C04F79EFBC}") = "GlucoseX.iOS", "GlucoseX.iOS\GlucoseX.iOS.csproj", "{4272DA01-D315-4487-B7B6-3A3933886CB4}"
EndProject
Project("{FAE04EC0-301F-11D3-BF4B-00C04F79EFBC}") = "GlucoseX.Droid", "GlucoseX.Droid\GlucoseX.Droid.csproj", "{C26F573A-FCB5-4E87-8160-9130F1009C4B}"
EndProject
Global
	GlobalSection(SolutionConfigurationPlatforms) = preSolution
		Debug|Any CPU = Debug|Any CPU
		Release|Any CPU = Release|Any CPU
		Debug|iPhoneSimulator = Debug|iPhoneSimulator
		Release|iPhoneSimulator = Release|iPhoneSimulator
		Debug|iPhone = Debug|iPhone
		Release|iPhone = Release|iPhone
		Ad-Hoc|iPhone = Ad-Hoc|iPhone
		AppStore|iPhone = AppStore|iPhone
	EndGlobalSection
	GlobalSection(ProjectConfigurationPlatforms) = postSolution
		{4272DA01-D315-4487-B7B6-3A3933886CB4}.Ad-Hoc|iPhone.ActiveCfg = Ad-Hoc|iPhone
		{4272DA01-D315-4487-B7B6-3A3933886CB4}.Ad-Hoc|iPhone.Build.0 = Ad-Hoc|iPhone
		{4272DA01-D315-4487-B7B6-3A3933886CB4}.AppStore|iPhone.ActiveCfg = AppStore|iPhone
		{4272DA01-D315-4487-B7B6-3A3933886CB4}.AppStore|iPhone.Build.0 = AppStore|iPhone
		{4272DA01-D315-4487-B7B6-3A3933886CB4}.Debug|Any CPU.ActiveCfg = Debug|iPhoneSimulator
		{4272DA01-D315-4487-B7B6-3A3933886CB4}.Debug|Any CPU.Build.0 = Debug|iPhoneSimulator
		{4272DA01-D315-4487-B7B6-3A3933886CB4}.Debug|iPhone.ActiveCfg = Debug|iPhone
		{4272DA01-D315-4487-B7B6-3A3933886CB4}.Debug|iPhone.Build.0 = Debug|iPhone
		{4272DA01-D315-4487-B7B6-3A3933886CB4}.Debug|iPhoneSimulator.ActiveCfg = Debug|iPhoneSimulator
		{4272DA01-D315-4487-B7B6-3A3933886CB4}.Debug|iPhoneSimulator.Build.0 = Debug|iPhoneSimulator
		{4272DA01-D315-4487-B7B6-3A3933886CB4}.Release|Any CPU.ActiveCfg = Release|iPhoneSimulator
		{4272DA01-D315-4487-B7B6-3A3933886CB4}.Release|Any CPU.Build.0 = Release|iPhoneSimulator
		{4272DA01-D315-4487-B7B6-3A3933886CB4}.Release|iPhone.ActiveCfg = Release|iPhone
		{4272DA01-D315-4487-B7B6-3A3933886CB4}.Release|iPhone.Build.0 = Release|iPhone
		{4272DA01-D315-4487-B7B6-3A3933886CB4}.Release|iPhoneSimulator.ActiveCfg = Release|iPhoneSimulator
		{4272DA01-D315-4487-B7B6-3A3933886CB4}.Release|iPhoneSimulator.Build.0 = Release|iPhoneSimulator
		{C26F573A-FCB5-4E87-8160-9130F1009C4B}.Ad-Hoc|iPhone.ActiveCfg = Debug|Any CPU
		{C26F573A-FCB5-4E87-8160-9130F1009C4B}.Ad-Hoc|iPhone.Build.0 = Debug|Any CPU
		{C26F573A-FCB5-4E87-8160-9130F1009C4B}.AppStore|iPhone.ActiveCfg = Debug|Any CPU
		{C26F573A-FCB5-4E87-8160-9130F1009C4B}.AppStore|iPhone.Build.0 = Debug|Any CPU
		{C26F573A-FCB5-4E87-8160-9130F1009C4B}.Debug|Any CPU.ActiveCfg = Debug|Any CPU
		{C26F573A-FCB5-4E87-8160-9130F1009C4B}.Debug|Any CPU.Build.0 = Debug|Any CPU
		{C26F573A-FCB5-4E87-8160-9130F1009C4B}.Debug|iPhone.ActiveCfg = Debug|Any CPU
		{C26F573A-FCB5-4E87-8160-9130F1009C4B}.Debug|iPhone.Build.0 = Debug|Any CPU
		{C26F573A-FCB5-4E87-8160-9130F1009C4B}.Debug|iPhoneSimulator.ActiveCfg = Debug|Any CPU
		{C26F573A-FCB5-4E87-8160-9130F1009C4B}.Debug|iPhoneSimulator.Build.0 = Debug|Any CPU
		{C26F573A-FCB5-4E87-8160-9130F1009C4B}.Release|Any CPU.ActiveCfg = Release|Any CPU
		{C26F573A-FCB5-4E87-8160-9130F1009C4B}.Release|Any CPU.Build.0 = Release|Any CPU
		{C26F573A-FCB5-4E87-8160-9130F1009C4B}.Release|iPhone.ActiveCfg = Release|Any CPU
		{C26F573A-FCB5-4E87-8160-9130F1009C4B}.Release|iPhone.Build.0 = Release|Any CPU
		{C26F573A-FCB5-4E87-8160-9130F1009C4B}.Release|iPhoneSimulator.ActiveCfg = Release|Any CPU
		{C26F573A-FCB5-4E87-8160-9130F1009C4B}.Release|iPhoneSimulator.Build.0 = Release|Any CPU
		{E6AA1650-EEE3-41A0-9513-6CE9421B499D}.Ad-Hoc|iPhone.ActiveCfg = Debug|Any CPU
		{E6AA1650-EEE3-41A0-9513-6CE9421B499D}.Ad-Hoc|iPhone.Build.0 = Debug|Any CPU
		{E6AA1650-EEE3-41A0-9513-6CE9421B499D}.AppStore|iPhone.ActiveCfg = Debug|Any CPU
		{E6AA1650-EEE3-41A0-9513-6CE9421B499D}.AppStore|iPhone.Build.0 = Debug|Any CPU
		{E6AA1650-EEE3-41A0-9513-6CE9421B499D}.Debug|Any CPU.ActiveCfg = Debug|Any CPU
		{E6AA1650-EEE3-41A0-9513-6CE9421B499D}.Debug|Any CPU.Build.0 = Debug|Any CPU
		{E6AA1650-EEE3-41A0-9513-6CE9421B499D}.Debug|iPhone.ActiveCfg = Debug|Any CPU
		{E6AA1650-EEE3-41A0-9513-6CE9421B499D}.Debug|iPhone.Build.0 = Debug|Any CPU
		{E6AA1650-EEE3-41A0-9513-6CE9421B499D}.Debug|iPhoneSimulator.ActiveCfg = Debug|Any CPU
		{E6AA1650-EEE3-41A0-9513-6CE9421B499D}.Debug|iPhoneSimulator.Build.0 = Debug|Any CPU
		{E6AA1650-EEE3-41A0-9513-6CE9421B499D}.Release|Any CPU.ActiveCfg = Release|Any CPU
		{E6AA1650-EEE3-41A0-9513-6CE9421B499D}.Release|Any CPU.Build.0 = Release|Any CPU
		{E6AA1650-EEE3-41A0-9513-6CE9421B499D}.Release|iPhone.ActiveCfg = Release|Any CPU
		{E6AA1650-EEE3-41A0-9513-6CE9421B499D}.Release|iPhone.Build.0 = Release|Any CPU
		{E6AA1650-EEE3-41A0-9513-6CE9421B499D}.Release|iPhoneSimulator.ActiveCfg = Release|Any CPU
		{E6AA1650-EEE3-41A0-9513-6CE9421B499D}.Release|iPhoneSimulator.Build.0 = Release|Any CPU
	EndGlobalSection
EndGlobal
