
Microsoft Visual Studio Solution File, Format Version 12.00
# Visual Studio 2012
Project("{FAE04EC0-301F-11D3-BF4B-00C04F79EFBC}") = "FormsIoC", "FormsIoC\FormsIoC.csproj", "{FAAE6E77-E02B-4204-8026-E61ACB3DD499}"
EndProject
Project("{FAE04EC0-301F-11D3-BF4B-00C04F79EFBC}") = "FormsIoC.iOS", "iOS\FormsIoC.iOS.csproj", "{F5B9C057-D69F-4F1C-9464-F4579DEA7A66}"
EndProject
Project("{FAE04EC0-301F-11D3-BF4B-00C04F79EFBC}") = "FormsIoC.Droid", "Droid\FormsIoC.Droid.csproj", "{E79FA823-A012-4E1F-AF5E-32638556CBA6}"
EndProject
Project("{FAE04EC0-301F-11D3-BF4B-00C04F79EFBC}") = "FormsIoC.Ninject", "FormsIoC.Ninject\FormsIoC.Ninject.csproj", "{74937B25-8FCD-4ED5-8998-E22AF1C50139}"
EndProject
Project("{FAE04EC0-301F-11D3-BF4B-00C04F79EFBC}") = "FormsIoC.Ninject.iOS", "FormsIoC.Ninject.iOS\FormsIoC.Ninject.iOS.csproj", "{7E33655E-0412-4F49-B110-F935754E1636}"
EndProject
Project("{FAE04EC0-301F-11D3-BF4B-00C04F79EFBC}") = "FormsIoC.Ninject.Droid", "FormsIoC.Ninject.Droid\FormsIoC.Ninject.Droid.csproj", "{8FD806B6-F1F4-4BB1-8616-0FBAF84A1C9F}"
EndProject
Project("{FAE04EC0-301F-11D3-BF4B-00C04F79EFBC}") = "FormsIoC.TinyIoC", "FormsIoC.TinyIoC\FormsIoC.TinyIoC.csproj", "{D8A6756A-404E-45C2-838D-E3018D8366BD}"
EndProject
Project("{FAE04EC0-301F-11D3-BF4B-00C04F79EFBC}") = "FormsIoC.TinyIoC.iOS", "FormsIoC.TinyIoC.iOS\FormsIoC.TinyIoC.iOS.csproj", "{718B324B-280B-4D54-8101-01D84C5308AC}"
EndProject
Project("{FAE04EC0-301F-11D3-BF4B-00C04F79EFBC}") = "FormsIoC.TinyIoC.Droid", "FormsIoC.TinyIoC.Droid\FormsIoC.TinyIoC.Droid.csproj", "{9E15490C-7B35-42EA-8EA9-5924943FB6EF}"
EndProject
Project("{FAE04EC0-301F-11D3-BF4B-00C04F79EFBC}") = "FormsIoC.Autofac", "FormsIoC.Autofac\FormsIoC.Autofac.csproj", "{206A43F7-AA00-4113-A8A9-D4A86C3A10B0}"
EndProject
Project("{FAE04EC0-301F-11D3-BF4B-00C04F79EFBC}") = "FormsIoC.Autofac.iOS", "FormsIoC.Autofac.iOS\FormsIoC.Autofac.iOS.csproj", "{26B23F24-77D5-4184-841D-22DB396B7A90}"
EndProject
Project("{FAE04EC0-301F-11D3-BF4B-00C04F79EFBC}") = "FormsIoC.Autofac.Droid", "FormsIoC.Autofac.Droid\FormsIoC.Autofac.Droid.csproj", "{B8318AAD-9DC0-4137-B410-FC63EE765FFA}"
EndProject
Global
	GlobalSection(SolutionConfigurationPlatforms) = preSolution
		Debug|Any CPU = Debug|Any CPU
		Release|Any CPU = Release|Any CPU
		Debug|iPhoneSimulator = Debug|iPhoneSimulator
		Release|iPhoneSimulator = Release|iPhoneSimulator
		Debug|iPhone = Debug|iPhone
		Release|iPhone = Release|iPhone
		Ad-Hoc|iPhone = Ad-Hoc|iPhone
		AppStore|iPhone = AppStore|iPhone
		TinyIoC - Debug|Any CPU = TinyIoC - Debug|Any CPU
		TinyIoC - Debug|iPhone = TinyIoC - Debug|iPhone
		TinyIoC - Debug|iPhoneSimulator = TinyIoC - Debug|iPhoneSimulator
		Autofac - Debug|iPhone = Autofac - Debug|iPhone
		Autofac - Debug|Any CPU = Autofac - Debug|Any CPU
		Autofac - Debug|iPhoneSimulator = Autofac - Debug|iPhoneSimulator
		Ninject - Debug|Any CPU = Ninject - Debug|Any CPU
		Ninject - Debug|iPhone = Ninject - Debug|iPhone
		Ninject - Debug|iPhoneSimulator = Ninject - Debug|iPhoneSimulator
	EndGlobalSection
	GlobalSection(ProjectConfigurationPlatforms) = postSolution
		{206A43F7-AA00-4113-A8A9-D4A86C3A10B0}.Ad-Hoc|iPhone.ActiveCfg = Release|Any CPU
		{206A43F7-AA00-4113-A8A9-D4A86C3A10B0}.Ad-Hoc|iPhone.Build.0 = Release|Any CPU
		{206A43F7-AA00-4113-A8A9-D4A86C3A10B0}.AppStore|iPhone.ActiveCfg = Release|Any CPU
		{206A43F7-AA00-4113-A8A9-D4A86C3A10B0}.AppStore|iPhone.Build.0 = Release|Any CPU
		{206A43F7-AA00-4113-A8A9-D4A86C3A10B0}.Autofac - Debug|Any CPU.ActiveCfg = Debug|Any CPU
		{206A43F7-AA00-4113-A8A9-D4A86C3A10B0}.Autofac - Debug|Any CPU.Build.0 = Debug|Any CPU
		{206A43F7-AA00-4113-A8A9-D4A86C3A10B0}.Autofac - Debug|iPhone.ActiveCfg = Debug|Any CPU
		{206A43F7-AA00-4113-A8A9-D4A86C3A10B0}.Autofac - Debug|iPhone.Build.0 = Debug|Any CPU
		{206A43F7-AA00-4113-A8A9-D4A86C3A10B0}.Autofac - Debug|iPhoneSimulator.ActiveCfg = Debug|Any CPU
		{206A43F7-AA00-4113-A8A9-D4A86C3A10B0}.Autofac - Debug|iPhoneSimulator.Build.0 = Debug|Any CPU
		{206A43F7-AA00-4113-A8A9-D4A86C3A10B0}.Debug|Any CPU.ActiveCfg = Debug|Any CPU
		{206A43F7-AA00-4113-A8A9-D4A86C3A10B0}.Debug|Any CPU.Build.0 = Debug|Any CPU
		{206A43F7-AA00-4113-A8A9-D4A86C3A10B0}.Debug|iPhone.ActiveCfg = Debug|Any CPU
		{206A43F7-AA00-4113-A8A9-D4A86C3A10B0}.Debug|iPhone.Build.0 = Debug|Any CPU
		{206A43F7-AA00-4113-A8A9-D4A86C3A10B0}.Debug|iPhoneSimulator.ActiveCfg = Debug|Any CPU
		{206A43F7-AA00-4113-A8A9-D4A86C3A10B0}.Debug|iPhoneSimulator.Build.0 = Debug|Any CPU
		{206A43F7-AA00-4113-A8A9-D4A86C3A10B0}.Ninject - Debug|Any CPU.ActiveCfg = Debug|Any CPU
		{206A43F7-AA00-4113-A8A9-D4A86C3A10B0}.Ninject - Debug|iPhone.ActiveCfg = Debug|Any CPU
		{206A43F7-AA00-4113-A8A9-D4A86C3A10B0}.Ninject - Debug|iPhoneSimulator.ActiveCfg = Debug|Any CPU
		{206A43F7-AA00-4113-A8A9-D4A86C3A10B0}.Release|Any CPU.ActiveCfg = Release|Any CPU
		{206A43F7-AA00-4113-A8A9-D4A86C3A10B0}.Release|Any CPU.Build.0 = Release|Any CPU
		{206A43F7-AA00-4113-A8A9-D4A86C3A10B0}.Release|iPhone.ActiveCfg = Release|Any CPU
		{206A43F7-AA00-4113-A8A9-D4A86C3A10B0}.Release|iPhone.Build.0 = Release|Any CPU
		{206A43F7-AA00-4113-A8A9-D4A86C3A10B0}.Release|iPhoneSimulator.ActiveCfg = Release|Any CPU
		{206A43F7-AA00-4113-A8A9-D4A86C3A10B0}.Release|iPhoneSimulator.Build.0 = Release|Any CPU
		{206A43F7-AA00-4113-A8A9-D4A86C3A10B0}.TinyIoC - Debug|Any CPU.ActiveCfg = Debug|Any CPU
		{206A43F7-AA00-4113-A8A9-D4A86C3A10B0}.TinyIoC - Debug|iPhone.ActiveCfg = Debug|Any CPU
		{206A43F7-AA00-4113-A8A9-D4A86C3A10B0}.TinyIoC - Debug|iPhoneSimulator.ActiveCfg = Debug|Any CPU
		{26B23F24-77D5-4184-841D-22DB396B7A90}.Ad-Hoc|iPhone.ActiveCfg = Ad-Hoc|iPhone
		{26B23F24-77D5-4184-841D-22DB396B7A90}.Ad-Hoc|iPhone.Build.0 = Ad-Hoc|iPhone
		{26B23F24-77D5-4184-841D-22DB396B7A90}.AppStore|iPhone.ActiveCfg = AppStore|iPhone
		{26B23F24-77D5-4184-841D-22DB396B7A90}.AppStore|iPhone.Build.0 = AppStore|iPhone
		{26B23F24-77D5-4184-841D-22DB396B7A90}.Autofac - Debug|Any CPU.ActiveCfg = Debug|iPhoneSimulator
		{26B23F24-77D5-4184-841D-22DB396B7A90}.Autofac - Debug|Any CPU.Build.0 = Debug|iPhoneSimulator
		{26B23F24-77D5-4184-841D-22DB396B7A90}.Autofac - Debug|iPhone.ActiveCfg = Debug|iPhone
		{26B23F24-77D5-4184-841D-22DB396B7A90}.Autofac - Debug|iPhone.Build.0 = Debug|iPhone
		{26B23F24-77D5-4184-841D-22DB396B7A90}.Autofac - Debug|iPhoneSimulator.ActiveCfg = Debug|iPhoneSimulator
		{26B23F24-77D5-4184-841D-22DB396B7A90}.Autofac - Debug|iPhoneSimulator.Build.0 = Debug|iPhoneSimulator
		{26B23F24-77D5-4184-841D-22DB396B7A90}.Debug|Any CPU.ActiveCfg = Debug|iPhoneSimulator
		{26B23F24-77D5-4184-841D-22DB396B7A90}.Debug|Any CPU.Build.0 = Debug|iPhoneSimulator
		{26B23F24-77D5-4184-841D-22DB396B7A90}.Debug|iPhone.ActiveCfg = Debug|iPhone
		{26B23F24-77D5-4184-841D-22DB396B7A90}.Debug|iPhone.Build.0 = Debug|iPhone
		{26B23F24-77D5-4184-841D-22DB396B7A90}.Debug|iPhoneSimulator.ActiveCfg = Debug|iPhoneSimulator
		{26B23F24-77D5-4184-841D-22DB396B7A90}.Debug|iPhoneSimulator.Build.0 = Debug|iPhoneSimulator
		{26B23F24-77D5-4184-841D-22DB396B7A90}.Ninject - Debug|Any CPU.ActiveCfg = Debug|iPhoneSimulator
		{26B23F24-77D5-4184-841D-22DB396B7A90}.Ninject - Debug|iPhone.ActiveCfg = Debug|iPhone
		{26B23F24-77D5-4184-841D-22DB396B7A90}.Ninject - Debug|iPhoneSimulator.ActiveCfg = Debug|iPhoneSimulator
		{26B23F24-77D5-4184-841D-22DB396B7A90}.Release|Any CPU.ActiveCfg = Release|iPhoneSimulator
		{26B23F24-77D5-4184-841D-22DB396B7A90}.Release|Any CPU.Build.0 = Release|iPhoneSimulator
		{26B23F24-77D5-4184-841D-22DB396B7A90}.Release|iPhone.ActiveCfg = Release|iPhone
		{26B23F24-77D5-4184-841D-22DB396B7A90}.Release|iPhone.Build.0 = Release|iPhone
		{26B23F24-77D5-4184-841D-22DB396B7A90}.Release|iPhoneSimulator.ActiveCfg = Release|iPhoneSimulator
		{26B23F24-77D5-4184-841D-22DB396B7A90}.Release|iPhoneSimulator.Build.0 = Release|iPhoneSimulator
		{26B23F24-77D5-4184-841D-22DB396B7A90}.TinyIoC - Debug|Any CPU.ActiveCfg = Debug|iPhoneSimulator
		{26B23F24-77D5-4184-841D-22DB396B7A90}.TinyIoC - Debug|iPhone.ActiveCfg = Debug|iPhone
		{26B23F24-77D5-4184-841D-22DB396B7A90}.TinyIoC - Debug|iPhoneSimulator.ActiveCfg = Debug|iPhoneSimulator
		{718B324B-280B-4D54-8101-01D84C5308AC}.Ad-Hoc|iPhone.ActiveCfg = Ad-Hoc|iPhone
		{718B324B-280B-4D54-8101-01D84C5308AC}.Ad-Hoc|iPhone.Build.0 = Ad-Hoc|iPhone
		{718B324B-280B-4D54-8101-01D84C5308AC}.AppStore|iPhone.ActiveCfg = AppStore|iPhone
		{718B324B-280B-4D54-8101-01D84C5308AC}.AppStore|iPhone.Build.0 = AppStore|iPhone
		{718B324B-280B-4D54-8101-01D84C5308AC}.Autofac - Debug|Any CPU.ActiveCfg = Debug|iPhoneSimulator
		{718B324B-280B-4D54-8101-01D84C5308AC}.Autofac - Debug|iPhone.ActiveCfg = Debug|iPhone
		{718B324B-280B-4D54-8101-01D84C5308AC}.Autofac - Debug|iPhoneSimulator.ActiveCfg = Debug|iPhoneSimulator
		{718B324B-280B-4D54-8101-01D84C5308AC}.Debug|Any CPU.ActiveCfg = Debug|iPhoneSimulator
		{718B324B-280B-4D54-8101-01D84C5308AC}.Debug|Any CPU.Build.0 = Debug|iPhoneSimulator
		{718B324B-280B-4D54-8101-01D84C5308AC}.Debug|iPhone.ActiveCfg = Debug|iPhone
		{718B324B-280B-4D54-8101-01D84C5308AC}.Debug|iPhone.Build.0 = Debug|iPhone
		{718B324B-280B-4D54-8101-01D84C5308AC}.Debug|iPhoneSimulator.ActiveCfg = Debug|iPhoneSimulator
		{718B324B-280B-4D54-8101-01D84C5308AC}.Debug|iPhoneSimulator.Build.0 = Debug|iPhoneSimulator
		{718B324B-280B-4D54-8101-01D84C5308AC}.Ninject - Debug|Any CPU.ActiveCfg = Debug|iPhoneSimulator
		{718B324B-280B-4D54-8101-01D84C5308AC}.Ninject - Debug|iPhone.ActiveCfg = Debug|iPhone
		{718B324B-280B-4D54-8101-01D84C5308AC}.Ninject - Debug|iPhoneSimulator.ActiveCfg = Debug|iPhoneSimulator
		{718B324B-280B-4D54-8101-01D84C5308AC}.Release|Any CPU.ActiveCfg = Release|iPhoneSimulator
		{718B324B-280B-4D54-8101-01D84C5308AC}.Release|Any CPU.Build.0 = Release|iPhoneSimulator
		{718B324B-280B-4D54-8101-01D84C5308AC}.Release|iPhone.ActiveCfg = Release|iPhone
		{718B324B-280B-4D54-8101-01D84C5308AC}.Release|iPhone.Build.0 = Release|iPhone
		{718B324B-280B-4D54-8101-01D84C5308AC}.Release|iPhoneSimulator.ActiveCfg = Release|iPhoneSimulator
		{718B324B-280B-4D54-8101-01D84C5308AC}.Release|iPhoneSimulator.Build.0 = Release|iPhoneSimulator
		{718B324B-280B-4D54-8101-01D84C5308AC}.TinyIoC - Debug|Any CPU.ActiveCfg = Debug|iPhoneSimulator
		{718B324B-280B-4D54-8101-01D84C5308AC}.TinyIoC - Debug|Any CPU.Build.0 = Debug|iPhoneSimulator
		{718B324B-280B-4D54-8101-01D84C5308AC}.TinyIoC - Debug|iPhone.ActiveCfg = Debug|iPhone
		{718B324B-280B-4D54-8101-01D84C5308AC}.TinyIoC - Debug|iPhone.Build.0 = Debug|iPhone
		{718B324B-280B-4D54-8101-01D84C5308AC}.TinyIoC - Debug|iPhoneSimulator.ActiveCfg = Debug|iPhoneSimulator
		{718B324B-280B-4D54-8101-01D84C5308AC}.TinyIoC - Debug|iPhoneSimulator.Build.0 = Debug|iPhoneSimulator
		{74937B25-8FCD-4ED5-8998-E22AF1C50139}.Ad-Hoc|iPhone.ActiveCfg = Release|Any CPU
		{74937B25-8FCD-4ED5-8998-E22AF1C50139}.Ad-Hoc|iPhone.Build.0 = Release|Any CPU
		{74937B25-8FCD-4ED5-8998-E22AF1C50139}.AppStore|iPhone.ActiveCfg = Release|Any CPU
		{74937B25-8FCD-4ED5-8998-E22AF1C50139}.AppStore|iPhone.Build.0 = Release|Any CPU
		{74937B25-8FCD-4ED5-8998-E22AF1C50139}.Autofac - Debug|Any CPU.ActiveCfg = Debug|Any CPU
		{74937B25-8FCD-4ED5-8998-E22AF1C50139}.Autofac - Debug|iPhone.ActiveCfg = Debug|Any CPU
		{74937B25-8FCD-4ED5-8998-E22AF1C50139}.Autofac - Debug|iPhoneSimulator.ActiveCfg = Debug|Any CPU
		{74937B25-8FCD-4ED5-8998-E22AF1C50139}.Debug|Any CPU.ActiveCfg = Debug|Any CPU
		{74937B25-8FCD-4ED5-8998-E22AF1C50139}.Debug|Any CPU.Build.0 = Debug|Any CPU
		{74937B25-8FCD-4ED5-8998-E22AF1C50139}.Debug|iPhone.ActiveCfg = Debug|Any CPU
		{74937B25-8FCD-4ED5-8998-E22AF1C50139}.Debug|iPhone.Build.0 = Debug|Any CPU
		{74937B25-8FCD-4ED5-8998-E22AF1C50139}.Debug|iPhoneSimulator.ActiveCfg = Debug|Any CPU
		{74937B25-8FCD-4ED5-8998-E22AF1C50139}.Debug|iPhoneSimulator.Build.0 = Debug|Any CPU
		{74937B25-8FCD-4ED5-8998-E22AF1C50139}.Ninject - Debug|Any CPU.ActiveCfg = Debug|Any CPU
		{74937B25-8FCD-4ED5-8998-E22AF1C50139}.Ninject - Debug|Any CPU.Build.0 = Debug|Any CPU
		{74937B25-8FCD-4ED5-8998-E22AF1C50139}.Ninject - Debug|iPhone.ActiveCfg = Debug|Any CPU
		{74937B25-8FCD-4ED5-8998-E22AF1C50139}.Ninject - Debug|iPhone.Build.0 = Debug|Any CPU
		{74937B25-8FCD-4ED5-8998-E22AF1C50139}.Ninject - Debug|iPhoneSimulator.ActiveCfg = Debug|Any CPU
		{74937B25-8FCD-4ED5-8998-E22AF1C50139}.Ninject - Debug|iPhoneSimulator.Build.0 = Debug|Any CPU
		{74937B25-8FCD-4ED5-8998-E22AF1C50139}.Release|Any CPU.ActiveCfg = Release|Any CPU
		{74937B25-8FCD-4ED5-8998-E22AF1C50139}.Release|Any CPU.Build.0 = Release|Any CPU
		{74937B25-8FCD-4ED5-8998-E22AF1C50139}.Release|iPhone.ActiveCfg = Release|Any CPU
		{74937B25-8FCD-4ED5-8998-E22AF1C50139}.Release|iPhone.Build.0 = Release|Any CPU
		{74937B25-8FCD-4ED5-8998-E22AF1C50139}.Release|iPhoneSimulator.ActiveCfg = Release|Any CPU
		{74937B25-8FCD-4ED5-8998-E22AF1C50139}.Release|iPhoneSimulator.Build.0 = Release|Any CPU
		{74937B25-8FCD-4ED5-8998-E22AF1C50139}.TinyIoC - Debug|Any CPU.ActiveCfg = Debug|Any CPU
		{74937B25-8FCD-4ED5-8998-E22AF1C50139}.TinyIoC - Debug|iPhone.ActiveCfg = Debug|Any CPU
		{74937B25-8FCD-4ED5-8998-E22AF1C50139}.TinyIoC - Debug|iPhoneSimulator.ActiveCfg = Debug|Any CPU
		{7E33655E-0412-4F49-B110-F935754E1636}.Ad-Hoc|iPhone.ActiveCfg = Ad-Hoc|iPhone
		{7E33655E-0412-4F49-B110-F935754E1636}.Ad-Hoc|iPhone.Build.0 = Ad-Hoc|iPhone
		{7E33655E-0412-4F49-B110-F935754E1636}.AppStore|iPhone.ActiveCfg = AppStore|iPhone
		{7E33655E-0412-4F49-B110-F935754E1636}.AppStore|iPhone.Build.0 = AppStore|iPhone
		{7E33655E-0412-4F49-B110-F935754E1636}.Autofac - Debug|Any CPU.ActiveCfg = Debug|iPhoneSimulator
		{7E33655E-0412-4F49-B110-F935754E1636}.Autofac - Debug|iPhone.ActiveCfg = Debug|iPhone
		{7E33655E-0412-4F49-B110-F935754E1636}.Autofac - Debug|iPhoneSimulator.ActiveCfg = Debug|iPhoneSimulator
		{7E33655E-0412-4F49-B110-F935754E1636}.Debug|Any CPU.ActiveCfg = Debug|iPhoneSimulator
		{7E33655E-0412-4F49-B110-F935754E1636}.Debug|Any CPU.Build.0 = Debug|iPhoneSimulator
		{7E33655E-0412-4F49-B110-F935754E1636}.Debug|iPhone.ActiveCfg = Debug|iPhone
		{7E33655E-0412-4F49-B110-F935754E1636}.Debug|iPhone.Build.0 = Debug|iPhone
		{7E33655E-0412-4F49-B110-F935754E1636}.Debug|iPhoneSimulator.ActiveCfg = Debug|iPhoneSimulator
		{7E33655E-0412-4F49-B110-F935754E1636}.Debug|iPhoneSimulator.Build.0 = Debug|iPhoneSimulator
		{7E33655E-0412-4F49-B110-F935754E1636}.Ninject - Debug|Any CPU.ActiveCfg = Debug|iPhoneSimulator
		{7E33655E-0412-4F49-B110-F935754E1636}.Ninject - Debug|Any CPU.Build.0 = Debug|iPhoneSimulator
		{7E33655E-0412-4F49-B110-F935754E1636}.Ninject - Debug|iPhone.ActiveCfg = Debug|iPhone
		{7E33655E-0412-4F49-B110-F935754E1636}.Ninject - Debug|iPhone.Build.0 = Debug|iPhone
		{7E33655E-0412-4F49-B110-F935754E1636}.Ninject - Debug|iPhoneSimulator.ActiveCfg = Debug|iPhoneSimulator
		{7E33655E-0412-4F49-B110-F935754E1636}.Ninject - Debug|iPhoneSimulator.Build.0 = Debug|iPhoneSimulator
		{7E33655E-0412-4F49-B110-F935754E1636}.Release|Any CPU.ActiveCfg = Release|iPhoneSimulator
		{7E33655E-0412-4F49-B110-F935754E1636}.Release|Any CPU.Build.0 = Release|iPhoneSimulator
		{7E33655E-0412-4F49-B110-F935754E1636}.Release|iPhone.ActiveCfg = Release|iPhone
		{7E33655E-0412-4F49-B110-F935754E1636}.Release|iPhone.Build.0 = Release|iPhone
		{7E33655E-0412-4F49-B110-F935754E1636}.Release|iPhoneSimulator.ActiveCfg = Release|iPhoneSimulator
		{7E33655E-0412-4F49-B110-F935754E1636}.Release|iPhoneSimulator.Build.0 = Release|iPhoneSimulator
		{7E33655E-0412-4F49-B110-F935754E1636}.TinyIoC - Debug|Any CPU.ActiveCfg = Debug|iPhoneSimulator
		{7E33655E-0412-4F49-B110-F935754E1636}.TinyIoC - Debug|iPhone.ActiveCfg = Debug|iPhone
		{7E33655E-0412-4F49-B110-F935754E1636}.TinyIoC - Debug|iPhoneSimulator.ActiveCfg = Debug|iPhoneSimulator
		{8FD806B6-F1F4-4BB1-8616-0FBAF84A1C9F}.Ad-Hoc|iPhone.ActiveCfg = Release|Any CPU
		{8FD806B6-F1F4-4BB1-8616-0FBAF84A1C9F}.Ad-Hoc|iPhone.Build.0 = Release|Any CPU
		{8FD806B6-F1F4-4BB1-8616-0FBAF84A1C9F}.AppStore|iPhone.ActiveCfg = Release|Any CPU
		{8FD806B6-F1F4-4BB1-8616-0FBAF84A1C9F}.AppStore|iPhone.Build.0 = Release|Any CPU
		{8FD806B6-F1F4-4BB1-8616-0FBAF84A1C9F}.Autofac - Debug|Any CPU.ActiveCfg = Debug|Any CPU
		{8FD806B6-F1F4-4BB1-8616-0FBAF84A1C9F}.Autofac - Debug|iPhone.ActiveCfg = Debug|Any CPU
		{8FD806B6-F1F4-4BB1-8616-0FBAF84A1C9F}.Autofac - Debug|iPhoneSimulator.ActiveCfg = Debug|Any CPU
		{8FD806B6-F1F4-4BB1-8616-0FBAF84A1C9F}.Debug|Any CPU.ActiveCfg = Debug|Any CPU
		{8FD806B6-F1F4-4BB1-8616-0FBAF84A1C9F}.Debug|Any CPU.Build.0 = Debug|Any CPU
		{8FD806B6-F1F4-4BB1-8616-0FBAF84A1C9F}.Debug|iPhone.ActiveCfg = Debug|Any CPU
		{8FD806B6-F1F4-4BB1-8616-0FBAF84A1C9F}.Debug|iPhone.Build.0 = Debug|Any CPU
		{8FD806B6-F1F4-4BB1-8616-0FBAF84A1C9F}.Debug|iPhoneSimulator.ActiveCfg = Debug|Any CPU
		{8FD806B6-F1F4-4BB1-8616-0FBAF84A1C9F}.Debug|iPhoneSimulator.Build.0 = Debug|Any CPU
		{8FD806B6-F1F4-4BB1-8616-0FBAF84A1C9F}.Ninject - Debug|Any CPU.ActiveCfg = Debug|Any CPU
		{8FD806B6-F1F4-4BB1-8616-0FBAF84A1C9F}.Ninject - Debug|Any CPU.Build.0 = Debug|Any CPU
		{8FD806B6-F1F4-4BB1-8616-0FBAF84A1C9F}.Ninject - Debug|iPhone.ActiveCfg = Debug|Any CPU
		{8FD806B6-F1F4-4BB1-8616-0FBAF84A1C9F}.Ninject - Debug|iPhone.Build.0 = Debug|Any CPU
		{8FD806B6-F1F4-4BB1-8616-0FBAF84A1C9F}.Ninject - Debug|iPhoneSimulator.ActiveCfg = Debug|Any CPU
		{8FD806B6-F1F4-4BB1-8616-0FBAF84A1C9F}.Ninject - Debug|iPhoneSimulator.Build.0 = Debug|Any CPU
		{8FD806B6-F1F4-4BB1-8616-0FBAF84A1C9F}.Release|Any CPU.ActiveCfg = Release|Any CPU
		{8FD806B6-F1F4-4BB1-8616-0FBAF84A1C9F}.Release|Any CPU.Build.0 = Release|Any CPU
		{8FD806B6-F1F4-4BB1-8616-0FBAF84A1C9F}.Release|iPhone.ActiveCfg = Release|Any CPU
		{8FD806B6-F1F4-4BB1-8616-0FBAF84A1C9F}.Release|iPhone.Build.0 = Release|Any CPU
		{8FD806B6-F1F4-4BB1-8616-0FBAF84A1C9F}.Release|iPhoneSimulator.ActiveCfg = Release|Any CPU
		{8FD806B6-F1F4-4BB1-8616-0FBAF84A1C9F}.Release|iPhoneSimulator.Build.0 = Release|Any CPU
		{8FD806B6-F1F4-4BB1-8616-0FBAF84A1C9F}.TinyIoC - Debug|Any CPU.ActiveCfg = Debug|Any CPU
		{8FD806B6-F1F4-4BB1-8616-0FBAF84A1C9F}.TinyIoC - Debug|iPhone.ActiveCfg = Debug|Any CPU
		{8FD806B6-F1F4-4BB1-8616-0FBAF84A1C9F}.TinyIoC - Debug|iPhoneSimulator.ActiveCfg = Debug|Any CPU
		{9E15490C-7B35-42EA-8EA9-5924943FB6EF}.Ad-Hoc|iPhone.ActiveCfg = Release|Any CPU
		{9E15490C-7B35-42EA-8EA9-5924943FB6EF}.Ad-Hoc|iPhone.Build.0 = Release|Any CPU
		{9E15490C-7B35-42EA-8EA9-5924943FB6EF}.AppStore|iPhone.ActiveCfg = Release|Any CPU
		{9E15490C-7B35-42EA-8EA9-5924943FB6EF}.AppStore|iPhone.Build.0 = Release|Any CPU
		{9E15490C-7B35-42EA-8EA9-5924943FB6EF}.Autofac - Debug|Any CPU.ActiveCfg = Debug|Any CPU
		{9E15490C-7B35-42EA-8EA9-5924943FB6EF}.Autofac - Debug|iPhone.ActiveCfg = Debug|Any CPU
		{9E15490C-7B35-42EA-8EA9-5924943FB6EF}.Autofac - Debug|iPhoneSimulator.ActiveCfg = Debug|Any CPU
		{9E15490C-7B35-42EA-8EA9-5924943FB6EF}.Debug|Any CPU.ActiveCfg = Debug|Any CPU
		{9E15490C-7B35-42EA-8EA9-5924943FB6EF}.Debug|Any CPU.Build.0 = Debug|Any CPU
		{9E15490C-7B35-42EA-8EA9-5924943FB6EF}.Debug|iPhone.ActiveCfg = Debug|Any CPU
		{9E15490C-7B35-42EA-8EA9-5924943FB6EF}.Debug|iPhone.Build.0 = Debug|Any CPU
		{9E15490C-7B35-42EA-8EA9-5924943FB6EF}.Debug|iPhoneSimulator.ActiveCfg = Debug|Any CPU
		{9E15490C-7B35-42EA-8EA9-5924943FB6EF}.Debug|iPhoneSimulator.Build.0 = Debug|Any CPU
		{9E15490C-7B35-42EA-8EA9-5924943FB6EF}.Ninject - Debug|Any CPU.ActiveCfg = Debug|Any CPU
		{9E15490C-7B35-42EA-8EA9-5924943FB6EF}.Ninject - Debug|iPhone.ActiveCfg = Debug|Any CPU
		{9E15490C-7B35-42EA-8EA9-5924943FB6EF}.Ninject - Debug|iPhoneSimulator.ActiveCfg = Debug|Any CPU
		{9E15490C-7B35-42EA-8EA9-5924943FB6EF}.Release|Any CPU.ActiveCfg = Release|Any CPU
		{9E15490C-7B35-42EA-8EA9-5924943FB6EF}.Release|Any CPU.Build.0 = Release|Any CPU
		{9E15490C-7B35-42EA-8EA9-5924943FB6EF}.Release|iPhone.ActiveCfg = Release|Any CPU
		{9E15490C-7B35-42EA-8EA9-5924943FB6EF}.Release|iPhone.Build.0 = Release|Any CPU
		{9E15490C-7B35-42EA-8EA9-5924943FB6EF}.Release|iPhoneSimulator.ActiveCfg = Release|Any CPU
		{9E15490C-7B35-42EA-8EA9-5924943FB6EF}.Release|iPhoneSimulator.Build.0 = Release|Any CPU
		{9E15490C-7B35-42EA-8EA9-5924943FB6EF}.TinyIoC - Debug|Any CPU.ActiveCfg = Debug|Any CPU
		{9E15490C-7B35-42EA-8EA9-5924943FB6EF}.TinyIoC - Debug|Any CPU.Build.0 = Debug|Any CPU
		{9E15490C-7B35-42EA-8EA9-5924943FB6EF}.TinyIoC - Debug|iPhone.ActiveCfg = Debug|Any CPU
		{9E15490C-7B35-42EA-8EA9-5924943FB6EF}.TinyIoC - Debug|iPhone.Build.0 = Debug|Any CPU
		{9E15490C-7B35-42EA-8EA9-5924943FB6EF}.TinyIoC - Debug|iPhoneSimulator.ActiveCfg = Debug|Any CPU
		{9E15490C-7B35-42EA-8EA9-5924943FB6EF}.TinyIoC - Debug|iPhoneSimulator.Build.0 = Debug|Any CPU
		{B8318AAD-9DC0-4137-B410-FC63EE765FFA}.Ad-Hoc|iPhone.ActiveCfg = Release|Any CPU
		{B8318AAD-9DC0-4137-B410-FC63EE765FFA}.Ad-Hoc|iPhone.Build.0 = Release|Any CPU
		{B8318AAD-9DC0-4137-B410-FC63EE765FFA}.AppStore|iPhone.ActiveCfg = Release|Any CPU
		{B8318AAD-9DC0-4137-B410-FC63EE765FFA}.AppStore|iPhone.Build.0 = Release|Any CPU
		{B8318AAD-9DC0-4137-B410-FC63EE765FFA}.Autofac - Debug|Any CPU.ActiveCfg = Debug|Any CPU
		{B8318AAD-9DC0-4137-B410-FC63EE765FFA}.Autofac - Debug|Any CPU.Build.0 = Debug|Any CPU
		{B8318AAD-9DC0-4137-B410-FC63EE765FFA}.Autofac - Debug|iPhone.ActiveCfg = Debug|Any CPU
		{B8318AAD-9DC0-4137-B410-FC63EE765FFA}.Autofac - Debug|iPhone.Build.0 = Debug|Any CPU
		{B8318AAD-9DC0-4137-B410-FC63EE765FFA}.Autofac - Debug|iPhoneSimulator.ActiveCfg = Debug|Any CPU
		{B8318AAD-9DC0-4137-B410-FC63EE765FFA}.Autofac - Debug|iPhoneSimulator.Build.0 = Debug|Any CPU
		{B8318AAD-9DC0-4137-B410-FC63EE765FFA}.Debug|Any CPU.ActiveCfg = Debug|Any CPU
		{B8318AAD-9DC0-4137-B410-FC63EE765FFA}.Debug|Any CPU.Build.0 = Debug|Any CPU
		{B8318AAD-9DC0-4137-B410-FC63EE765FFA}.Debug|iPhone.ActiveCfg = Debug|Any CPU
		{B8318AAD-9DC0-4137-B410-FC63EE765FFA}.Debug|iPhone.Build.0 = Debug|Any CPU
		{B8318AAD-9DC0-4137-B410-FC63EE765FFA}.Debug|iPhoneSimulator.ActiveCfg = Debug|Any CPU
		{B8318AAD-9DC0-4137-B410-FC63EE765FFA}.Debug|iPhoneSimulator.Build.0 = Debug|Any CPU
		{B8318AAD-9DC0-4137-B410-FC63EE765FFA}.Ninject - Debug|Any CPU.ActiveCfg = Debug|Any CPU
		{B8318AAD-9DC0-4137-B410-FC63EE765FFA}.Ninject - Debug|iPhone.ActiveCfg = Debug|Any CPU
		{B8318AAD-9DC0-4137-B410-FC63EE765FFA}.Ninject - Debug|iPhoneSimulator.ActiveCfg = Debug|Any CPU
		{B8318AAD-9DC0-4137-B410-FC63EE765FFA}.Release|Any CPU.ActiveCfg = Release|Any CPU
		{B8318AAD-9DC0-4137-B410-FC63EE765FFA}.Release|Any CPU.Build.0 = Release|Any CPU
		{B8318AAD-9DC0-4137-B410-FC63EE765FFA}.Release|iPhone.ActiveCfg = Release|Any CPU
		{B8318AAD-9DC0-4137-B410-FC63EE765FFA}.Release|iPhone.Build.0 = Release|Any CPU
		{B8318AAD-9DC0-4137-B410-FC63EE765FFA}.Release|iPhoneSimulator.ActiveCfg = Release|Any CPU
		{B8318AAD-9DC0-4137-B410-FC63EE765FFA}.Release|iPhoneSimulator.Build.0 = Release|Any CPU
		{B8318AAD-9DC0-4137-B410-FC63EE765FFA}.TinyIoC - Debug|Any CPU.ActiveCfg = Debug|Any CPU
		{B8318AAD-9DC0-4137-B410-FC63EE765FFA}.TinyIoC - Debug|iPhone.ActiveCfg = Debug|Any CPU
		{B8318AAD-9DC0-4137-B410-FC63EE765FFA}.TinyIoC - Debug|iPhoneSimulator.ActiveCfg = Debug|Any CPU
		{D8A6756A-404E-45C2-838D-E3018D8366BD}.Ad-Hoc|iPhone.ActiveCfg = Release|Any CPU
		{D8A6756A-404E-45C2-838D-E3018D8366BD}.Ad-Hoc|iPhone.Build.0 = Release|Any CPU
		{D8A6756A-404E-45C2-838D-E3018D8366BD}.AppStore|iPhone.ActiveCfg = Release|Any CPU
		{D8A6756A-404E-45C2-838D-E3018D8366BD}.AppStore|iPhone.Build.0 = Release|Any CPU
		{D8A6756A-404E-45C2-838D-E3018D8366BD}.Autofac - Debug|Any CPU.ActiveCfg = Debug|Any CPU
		{D8A6756A-404E-45C2-838D-E3018D8366BD}.Autofac - Debug|iPhone.ActiveCfg = Debug|Any CPU
		{D8A6756A-404E-45C2-838D-E3018D8366BD}.Autofac - Debug|iPhoneSimulator.ActiveCfg = Debug|Any CPU
		{D8A6756A-404E-45C2-838D-E3018D8366BD}.Debug|Any CPU.ActiveCfg = Debug|Any CPU
		{D8A6756A-404E-45C2-838D-E3018D8366BD}.Debug|Any CPU.Build.0 = Debug|Any CPU
		{D8A6756A-404E-45C2-838D-E3018D8366BD}.Debug|iPhone.ActiveCfg = Debug|Any CPU
		{D8A6756A-404E-45C2-838D-E3018D8366BD}.Debug|iPhone.Build.0 = Debug|Any CPU
		{D8A6756A-404E-45C2-838D-E3018D8366BD}.Debug|iPhoneSimulator.ActiveCfg = Debug|Any CPU
		{D8A6756A-404E-45C2-838D-E3018D8366BD}.Debug|iPhoneSimulator.Build.0 = Debug|Any CPU
		{D8A6756A-404E-45C2-838D-E3018D8366BD}.Ninject - Debug|Any CPU.ActiveCfg = Debug|Any CPU
		{D8A6756A-404E-45C2-838D-E3018D8366BD}.Ninject - Debug|iPhone.ActiveCfg = Debug|Any CPU
		{D8A6756A-404E-45C2-838D-E3018D8366BD}.Ninject - Debug|iPhoneSimulator.ActiveCfg = Debug|Any CPU
		{D8A6756A-404E-45C2-838D-E3018D8366BD}.Release|Any CPU.ActiveCfg = Release|Any CPU
		{D8A6756A-404E-45C2-838D-E3018D8366BD}.Release|Any CPU.Build.0 = Release|Any CPU
		{D8A6756A-404E-45C2-838D-E3018D8366BD}.Release|iPhone.ActiveCfg = Release|Any CPU
		{D8A6756A-404E-45C2-838D-E3018D8366BD}.Release|iPhone.Build.0 = Release|Any CPU
		{D8A6756A-404E-45C2-838D-E3018D8366BD}.Release|iPhoneSimulator.ActiveCfg = Release|Any CPU
		{D8A6756A-404E-45C2-838D-E3018D8366BD}.Release|iPhoneSimulator.Build.0 = Release|Any CPU
		{D8A6756A-404E-45C2-838D-E3018D8366BD}.TinyIoC - Debug|Any CPU.ActiveCfg = Debug|Any CPU
		{D8A6756A-404E-45C2-838D-E3018D8366BD}.TinyIoC - Debug|Any CPU.Build.0 = Debug|Any CPU
		{D8A6756A-404E-45C2-838D-E3018D8366BD}.TinyIoC - Debug|iPhone.ActiveCfg = Debug|Any CPU
		{D8A6756A-404E-45C2-838D-E3018D8366BD}.TinyIoC - Debug|iPhone.Build.0 = Debug|Any CPU
		{D8A6756A-404E-45C2-838D-E3018D8366BD}.TinyIoC - Debug|iPhoneSimulator.ActiveCfg = Debug|Any CPU
		{D8A6756A-404E-45C2-838D-E3018D8366BD}.TinyIoC - Debug|iPhoneSimulator.Build.0 = Debug|Any CPU
		{E79FA823-A012-4E1F-AF5E-32638556CBA6}.Ad-Hoc|iPhone.ActiveCfg = Release|Any CPU
		{E79FA823-A012-4E1F-AF5E-32638556CBA6}.Ad-Hoc|iPhone.Build.0 = Release|Any CPU
		{E79FA823-A012-4E1F-AF5E-32638556CBA6}.AppStore|iPhone.ActiveCfg = Release|Any CPU
		{E79FA823-A012-4E1F-AF5E-32638556CBA6}.AppStore|iPhone.Build.0 = Release|Any CPU
		{E79FA823-A012-4E1F-AF5E-32638556CBA6}.Autofac - Debug|Any CPU.ActiveCfg = Debug|Any CPU
		{E79FA823-A012-4E1F-AF5E-32638556CBA6}.Autofac - Debug|iPhone.ActiveCfg = Debug|Any CPU
		{E79FA823-A012-4E1F-AF5E-32638556CBA6}.Autofac - Debug|iPhoneSimulator.ActiveCfg = Debug|Any CPU
		{E79FA823-A012-4E1F-AF5E-32638556CBA6}.Debug|Any CPU.ActiveCfg = Debug|Any CPU
		{E79FA823-A012-4E1F-AF5E-32638556CBA6}.Debug|Any CPU.Build.0 = Debug|Any CPU
		{E79FA823-A012-4E1F-AF5E-32638556CBA6}.Debug|iPhone.ActiveCfg = Debug|Any CPU
		{E79FA823-A012-4E1F-AF5E-32638556CBA6}.Debug|iPhone.Build.0 = Debug|Any CPU
		{E79FA823-A012-4E1F-AF5E-32638556CBA6}.Debug|iPhoneSimulator.ActiveCfg = Debug|Any CPU
		{E79FA823-A012-4E1F-AF5E-32638556CBA6}.Debug|iPhoneSimulator.Build.0 = Debug|Any CPU
		{E79FA823-A012-4E1F-AF5E-32638556CBA6}.Ninject - Debug|Any CPU.ActiveCfg = Debug|Any CPU
		{E79FA823-A012-4E1F-AF5E-32638556CBA6}.Ninject - Debug|iPhone.ActiveCfg = Debug|Any CPU
		{E79FA823-A012-4E1F-AF5E-32638556CBA6}.Ninject - Debug|iPhoneSimulator.ActiveCfg = Debug|Any CPU
		{E79FA823-A012-4E1F-AF5E-32638556CBA6}.Release|Any CPU.ActiveCfg = Release|Any CPU
		{E79FA823-A012-4E1F-AF5E-32638556CBA6}.Release|Any CPU.Build.0 = Release|Any CPU
		{E79FA823-A012-4E1F-AF5E-32638556CBA6}.Release|iPhone.ActiveCfg = Release|Any CPU
		{E79FA823-A012-4E1F-AF5E-32638556CBA6}.Release|iPhone.Build.0 = Release|Any CPU
		{E79FA823-A012-4E1F-AF5E-32638556CBA6}.Release|iPhoneSimulator.ActiveCfg = Release|Any CPU
		{E79FA823-A012-4E1F-AF5E-32638556CBA6}.Release|iPhoneSimulator.Build.0 = Release|Any CPU
		{E79FA823-A012-4E1F-AF5E-32638556CBA6}.TinyIoC - Debug|Any CPU.ActiveCfg = Debug|Any CPU
		{E79FA823-A012-4E1F-AF5E-32638556CBA6}.TinyIoC - Debug|iPhone.ActiveCfg = Debug|Any CPU
		{E79FA823-A012-4E1F-AF5E-32638556CBA6}.TinyIoC - Debug|iPhoneSimulator.ActiveCfg = Debug|Any CPU
		{F5B9C057-D69F-4F1C-9464-F4579DEA7A66}.Ad-Hoc|iPhone.ActiveCfg = Ad-Hoc|iPhone
		{F5B9C057-D69F-4F1C-9464-F4579DEA7A66}.Ad-Hoc|iPhone.Build.0 = Ad-Hoc|iPhone
		{F5B9C057-D69F-4F1C-9464-F4579DEA7A66}.AppStore|iPhone.ActiveCfg = AppStore|iPhone
		{F5B9C057-D69F-4F1C-9464-F4579DEA7A66}.AppStore|iPhone.Build.0 = AppStore|iPhone
		{F5B9C057-D69F-4F1C-9464-F4579DEA7A66}.Autofac - Debug|Any CPU.ActiveCfg = Debug|iPhoneSimulator
		{F5B9C057-D69F-4F1C-9464-F4579DEA7A66}.Autofac - Debug|iPhone.ActiveCfg = Debug|iPhone
		{F5B9C057-D69F-4F1C-9464-F4579DEA7A66}.Autofac - Debug|iPhoneSimulator.ActiveCfg = Debug|iPhoneSimulator
		{F5B9C057-D69F-4F1C-9464-F4579DEA7A66}.Debug|Any CPU.ActiveCfg = Debug|iPhoneSimulator
		{F5B9C057-D69F-4F1C-9464-F4579DEA7A66}.Debug|Any CPU.Build.0 = Debug|iPhoneSimulator
		{F5B9C057-D69F-4F1C-9464-F4579DEA7A66}.Debug|iPhone.ActiveCfg = Debug|iPhone
		{F5B9C057-D69F-4F1C-9464-F4579DEA7A66}.Debug|iPhone.Build.0 = Debug|iPhone
		{F5B9C057-D69F-4F1C-9464-F4579DEA7A66}.Debug|iPhoneSimulator.ActiveCfg = Debug|iPhoneSimulator
		{F5B9C057-D69F-4F1C-9464-F4579DEA7A66}.Debug|iPhoneSimulator.Build.0 = Debug|iPhoneSimulator
		{F5B9C057-D69F-4F1C-9464-F4579DEA7A66}.Ninject - Debug|Any CPU.ActiveCfg = Debug|iPhoneSimulator
		{F5B9C057-D69F-4F1C-9464-F4579DEA7A66}.Ninject - Debug|iPhone.ActiveCfg = Debug|iPhone
		{F5B9C057-D69F-4F1C-9464-F4579DEA7A66}.Ninject - Debug|iPhoneSimulator.ActiveCfg = Debug|iPhoneSimulator
		{F5B9C057-D69F-4F1C-9464-F4579DEA7A66}.Release|Any CPU.ActiveCfg = Release|iPhoneSimulator
		{F5B9C057-D69F-4F1C-9464-F4579DEA7A66}.Release|Any CPU.Build.0 = Release|iPhoneSimulator
		{F5B9C057-D69F-4F1C-9464-F4579DEA7A66}.Release|iPhone.ActiveCfg = Release|iPhone
		{F5B9C057-D69F-4F1C-9464-F4579DEA7A66}.Release|iPhone.Build.0 = Release|iPhone
		{F5B9C057-D69F-4F1C-9464-F4579DEA7A66}.Release|iPhoneSimulator.ActiveCfg = Release|iPhoneSimulator
		{F5B9C057-D69F-4F1C-9464-F4579DEA7A66}.Release|iPhoneSimulator.Build.0 = Release|iPhoneSimulator
		{F5B9C057-D69F-4F1C-9464-F4579DEA7A66}.TinyIoC - Debug|Any CPU.ActiveCfg = Debug|iPhoneSimulator
		{F5B9C057-D69F-4F1C-9464-F4579DEA7A66}.TinyIoC - Debug|iPhone.ActiveCfg = Debug|iPhone
		{F5B9C057-D69F-4F1C-9464-F4579DEA7A66}.TinyIoC - Debug|iPhoneSimulator.ActiveCfg = Debug|iPhoneSimulator
		{FAAE6E77-E02B-4204-8026-E61ACB3DD499}.Ad-Hoc|iPhone.ActiveCfg = Debug|Any CPU
		{FAAE6E77-E02B-4204-8026-E61ACB3DD499}.Ad-Hoc|iPhone.Build.0 = Debug|Any CPU
		{FAAE6E77-E02B-4204-8026-E61ACB3DD499}.AppStore|iPhone.ActiveCfg = Debug|Any CPU
		{FAAE6E77-E02B-4204-8026-E61ACB3DD499}.AppStore|iPhone.Build.0 = Debug|Any CPU
		{FAAE6E77-E02B-4204-8026-E61ACB3DD499}.Autofac - Debug|Any CPU.ActiveCfg = Debug|Any CPU
		{FAAE6E77-E02B-4204-8026-E61ACB3DD499}.Autofac - Debug|iPhone.ActiveCfg = Debug|Any CPU
		{FAAE6E77-E02B-4204-8026-E61ACB3DD499}.Autofac - Debug|iPhoneSimulator.ActiveCfg = Debug|Any CPU
		{FAAE6E77-E02B-4204-8026-E61ACB3DD499}.Debug|Any CPU.ActiveCfg = Debug|Any CPU
		{FAAE6E77-E02B-4204-8026-E61ACB3DD499}.Debug|Any CPU.Build.0 = Debug|Any CPU
		{FAAE6E77-E02B-4204-8026-E61ACB3DD499}.Debug|iPhone.ActiveCfg = Debug|Any CPU
		{FAAE6E77-E02B-4204-8026-E61ACB3DD499}.Debug|iPhone.Build.0 = Debug|Any CPU
		{FAAE6E77-E02B-4204-8026-E61ACB3DD499}.Debug|iPhoneSimulator.ActiveCfg = Debug|Any CPU
		{FAAE6E77-E02B-4204-8026-E61ACB3DD499}.Debug|iPhoneSimulator.Build.0 = Debug|Any CPU
		{FAAE6E77-E02B-4204-8026-E61ACB3DD499}.Ninject - Debug|Any CPU.ActiveCfg = Debug|Any CPU
		{FAAE6E77-E02B-4204-8026-E61ACB3DD499}.Ninject - Debug|iPhone.ActiveCfg = Debug|Any CPU
		{FAAE6E77-E02B-4204-8026-E61ACB3DD499}.Ninject - Debug|iPhoneSimulator.ActiveCfg = Debug|Any CPU
		{FAAE6E77-E02B-4204-8026-E61ACB3DD499}.Release|Any CPU.ActiveCfg = Release|Any CPU
		{FAAE6E77-E02B-4204-8026-E61ACB3DD499}.Release|Any CPU.Build.0 = Release|Any CPU
		{FAAE6E77-E02B-4204-8026-E61ACB3DD499}.Release|iPhone.ActiveCfg = Release|Any CPU
		{FAAE6E77-E02B-4204-8026-E61ACB3DD499}.Release|iPhone.Build.0 = Release|Any CPU
		{FAAE6E77-E02B-4204-8026-E61ACB3DD499}.Release|iPhoneSimulator.ActiveCfg = Release|Any CPU
		{FAAE6E77-E02B-4204-8026-E61ACB3DD499}.Release|iPhoneSimulator.Build.0 = Release|Any CPU
		{FAAE6E77-E02B-4204-8026-E61ACB3DD499}.TinyIoC - Debug|Any CPU.ActiveCfg = Debug|Any CPU
		{FAAE6E77-E02B-4204-8026-E61ACB3DD499}.TinyIoC - Debug|iPhone.ActiveCfg = Debug|Any CPU
		{FAAE6E77-E02B-4204-8026-E61ACB3DD499}.TinyIoC - Debug|iPhoneSimulator.ActiveCfg = Debug|Any CPU
	EndGlobalSection
EndGlobal
