
Microsoft Visual Studio Solution File, Format Version 12.00
# Visual Studio 2012
Project("{FAE04EC0-301F-11D3-BF4B-00C04F79EFBC}") = "BloodPressureX", "BloodPressureX.csproj", "{9509893D-5926-4882-87E1-324B52A4DB94}"
EndProject
Global
	GlobalSection(SolutionConfigurationPlatforms) = preSolution
		Debug|iPhoneSimulator = Debug|iPhoneSimulator
		Release|iPhone = Release|iPhone
		Release|iPhoneSimulator = Release|iPhoneSimulator
		Debug|iPhone = Debug|iPhone
	EndGlobalSection
	GlobalSection(ProjectConfigurationPlatforms) = postSolution
		{9509893D-5926-4882-87E1-324B52A4DB94}.Debug|iPhone.ActiveCfg = Debug|iPhone
		{9509893D-5926-4882-87E1-324B52A4DB94}.Debug|iPhone.Build.0 = Debug|iPhone
		{9509893D-5926-4882-87E1-324B52A4DB94}.Debug|iPhoneSimulator.ActiveCfg = Debug|iPhoneSimulator
		{9509893D-5926-4882-87E1-324B52A4DB94}.Debug|iPhoneSimulator.Build.0 = Debug|iPhoneSimulator
		{9509893D-5926-4882-87E1-324B52A4DB94}.Release|iPhone.ActiveCfg = Release|iPhone
		{9509893D-5926-4882-87E1-324B52A4DB94}.Release|iPhone.Build.0 = Release|iPhone
		{9509893D-5926-4882-87E1-324B52A4DB94}.Release|iPhoneSimulator.ActiveCfg = Release|iPhoneSimulator
		{9509893D-5926-4882-87E1-324B52A4DB94}.Release|iPhoneSimulator.Build.0 = Release|iPhoneSimulator
	EndGlobalSection
EndGlobal
